
Microsoft Visual Studio Solution File, Format Version 12.00
# Visual Studio Version 17
VisualStudioVersion = 17.3.32929.385
MinimumVisualStudioVersion = 10.0.40219.1
Project("{FAE04EC0-301F-11D3-BF4B-00C04F79EFBC}") = "CSharpBasic", "CSharpBasic\CSharpBasic.csproj", "{F6EED498-F5C6-48FB-8452-157121EBB8A5}"
EndProject
Global
	GlobalSection(SolutionConfigurationPlatforms) = preSolution
		Debug|Any CPU = Debug|Any CPU
		Release|Any CPU = Release|Any CPU
	EndGlobalSection
	GlobalSection(ProjectConfigurationPlatforms) = postSolution
		{F6EED498-F5C6-48FB-8452-157121EBB8A5}.Debug|Any CPU.ActiveCfg = Debug|Any CPU
		{F6EED498-F5C6-48FB-8452-157121EBB8A5}.Debug|Any CPU.Build.0 = Debug|Any CPU
		{F6EED498-F5C6-48FB-8452-157121EBB8A5}.Release|Any CPU.ActiveCfg = Release|Any CPU
		{F6EED498-F5C6-48FB-8452-157121EBB8A5}.Release|Any CPU.Build.0 = Release|Any CPU
	EndGlobalSection
	GlobalSection(SolutionProperties) = preSolution
		HideSolutionNode = FALSE
	EndGlobalSection
	GlobalSection(ExtensibilityGlobals) = postSolution
		SolutionGuid = {617C4452-6B29-465F-BD50-929A8C6CEADB}
	EndGlobalSection
EndGlobal
