
Microsoft Visual Studio Solution File, Format Version 12.00
# Visual Studio Version 17
VisualStudioVersion = 17.8.34511.84
MinimumVisualStudioVersion = 10.0.40219.1
Project("{FAE04EC0-301F-11D3-BF4B-00C04F79EFBC}") = "RockPaperScissorsGame", "RockPaperScissorsGame\RockPaperScissorsGame.csproj", "{CF996EE3-03D3-4B4E-90A0-26BB4C8ECF95}"
EndProject
Project("{FAE04EC0-301F-11D3-BF4B-00C04F79EFBC}") = "RockPaperScissorsGame.Tests", "RockPaperScissorsGame.Tests\RockPaperScissorsGame.Tests.csproj", "{37DAA277-26E1-4CB3-A72A-2270A7864BDB}"
EndProject
Global
	GlobalSection(SolutionConfigurationPlatforms) = preSolution
		Debug|Any CPU = Debug|Any CPU
		Release|Any CPU = Release|Any CPU
	EndGlobalSection
	GlobalSection(ProjectConfigurationPlatforms) = postSolution
		{CF996EE3-03D3-4B4E-90A0-26BB4C8ECF95}.Debug|Any CPU.ActiveCfg = Debug|Any CPU
		{CF996EE3-03D3-4B4E-90A0-26BB4C8ECF95}.Debug|Any CPU.Build.0 = Debug|Any CPU
		{CF996EE3-03D3-4B4E-90A0-26BB4C8ECF95}.Release|Any CPU.ActiveCfg = Release|Any CPU
		{CF996EE3-03D3-4B4E-90A0-26BB4C8ECF95}.Release|Any CPU.Build.0 = Release|Any CPU
		{37DAA277-26E1-4CB3-A72A-2270A7864BDB}.Debug|Any CPU.ActiveCfg = Debug|Any CPU
		{37DAA277-26E1-4CB3-A72A-2270A7864BDB}.Debug|Any CPU.Build.0 = Debug|Any CPU
		{37DAA277-26E1-4CB3-A72A-2270A7864BDB}.Release|Any CPU.ActiveCfg = Release|Any CPU
		{37DAA277-26E1-4CB3-A72A-2270A7864BDB}.Release|Any CPU.Build.0 = Release|Any CPU
	EndGlobalSection
	GlobalSection(SolutionProperties) = preSolution
		HideSolutionNode = FALSE
	EndGlobalSection
	GlobalSection(ExtensibilityGlobals) = postSolution
		SolutionGuid = {A9388F62-5EF1-4E12-84B0-2F6EEA758BB8}
	EndGlobalSection
EndGlobal
