
Microsoft Visual Studio Solution File, Format Version 12.00
# Visual Studio 15
VisualStudioVersion = 15.0.27703.2035
MinimumVisualStudioVersion = 10.0.40219.1
Project("{FAE04EC0-301F-11D3-BF4B-00C04F79EFBC}") = "Lesson4", "Lesson4\Lesson4.csproj", "{06FB34BA-6D7E-4B88-A18D-E2FE78CA3F36}"
EndProject
Global
	GlobalSection(SolutionConfigurationPlatforms) = preSolution
		Debug|Any CPU = Debug|Any CPU
		Release|Any CPU = Release|Any CPU
	EndGlobalSection
	GlobalSection(ProjectConfigurationPlatforms) = postSolution
		{06FB34BA-6D7E-4B88-A18D-E2FE78CA3F36}.Debug|Any CPU.ActiveCfg = Debug|Any CPU
		{06FB34BA-6D7E-4B88-A18D-E2FE78CA3F36}.Debug|Any CPU.Build.0 = Debug|Any CPU
		{06FB34BA-6D7E-4B88-A18D-E2FE78CA3F36}.Release|Any CPU.ActiveCfg = Release|Any CPU
		{06FB34BA-6D7E-4B88-A18D-E2FE78CA3F36}.Release|Any CPU.Build.0 = Release|Any CPU
	EndGlobalSection
	GlobalSection(SolutionProperties) = preSolution
		HideSolutionNode = FALSE
	EndGlobalSection
	GlobalSection(ExtensibilityGlobals) = postSolution
		SolutionGuid = {B6397E31-EB0E-4592-B1E0-B4E0BCEEC3DF}
	EndGlobalSection
EndGlobal
