
Microsoft Visual Studio Solution File, Format Version 12.00
# Visual Studio Version 17
VisualStudioVersion = 17.8.34511.84
MinimumVisualStudioVersion = 10.0.40219.1
Project("{FAE04EC0-301F-11D3-BF4B-00C04F79EFBC}") = "HomeWork01", "HomeWork01\HomeWork01.csproj", "{096C8597-87AA-451E-8B83-F79B85D8B731}"
EndProject
Global
	GlobalSection(SolutionConfigurationPlatforms) = preSolution
		Debug|Any CPU = Debug|Any CPU
		Release|Any CPU = Release|Any CPU
	EndGlobalSection
	GlobalSection(ProjectConfigurationPlatforms) = postSolution
		{096C8597-87AA-451E-8B83-F79B85D8B731}.Debug|Any CPU.ActiveCfg = Debug|Any CPU
		{096C8597-87AA-451E-8B83-F79B85D8B731}.Debug|Any CPU.Build.0 = Debug|Any CPU
		{096C8597-87AA-451E-8B83-F79B85D8B731}.Release|Any CPU.ActiveCfg = Release|Any CPU
		{096C8597-87AA-451E-8B83-F79B85D8B731}.Release|Any CPU.Build.0 = Release|Any CPU
	EndGlobalSection
	GlobalSection(SolutionProperties) = preSolution
		HideSolutionNode = FALSE
	EndGlobalSection
	GlobalSection(ExtensibilityGlobals) = postSolution
		SolutionGuid = {73B4EB05-05B4-47E7-A556-BB4A0689A99E}
	EndGlobalSection
EndGlobal
