
Microsoft Visual Studio Solution File, Format Version 12.00
# Visual Studio 15
VisualStudioVersion = 15.0.27130.2010
MinimumVisualStudioVersion = 10.0.40219.1
Project("{FAE04EC0-301F-11D3-BF4B-00C04F79EFBC}") = "BelieveOrNot", "GB_HW_Lesson8\BelieveOrNot.csproj", "{DE14E44C-E825-455D-9183-1B9FF5AFEA04}"
EndProject
Project("{FAE04EC0-301F-11D3-BF4B-00C04F79EFBC}") = "CSVToXML", "CSVToXML\CSVToXML.csproj", "{1676F3C6-4AF0-4440-BEC0-A4667F75C0DE}"
EndProject
Global
	GlobalSection(SolutionConfigurationPlatforms) = preSolution
		Debug|Any CPU = Debug|Any CPU
		Release|Any CPU = Release|Any CPU
	EndGlobalSection
	GlobalSection(ProjectConfigurationPlatforms) = postSolution
		{DE14E44C-E825-455D-9183-1B9FF5AFEA04}.Debug|Any CPU.ActiveCfg = Debug|Any CPU
		{DE14E44C-E825-455D-9183-1B9FF5AFEA04}.Debug|Any CPU.Build.0 = Debug|Any CPU
		{DE14E44C-E825-455D-9183-1B9FF5AFEA04}.Release|Any CPU.ActiveCfg = Release|Any CPU
		{DE14E44C-E825-455D-9183-1B9FF5AFEA04}.Release|Any CPU.Build.0 = Release|Any CPU
		{1676F3C6-4AF0-4440-BEC0-A4667F75C0DE}.Debug|Any CPU.ActiveCfg = Debug|Any CPU
		{1676F3C6-4AF0-4440-BEC0-A4667F75C0DE}.Debug|Any CPU.Build.0 = Debug|Any CPU
		{1676F3C6-4AF0-4440-BEC0-A4667F75C0DE}.Release|Any CPU.ActiveCfg = Release|Any CPU
		{1676F3C6-4AF0-4440-BEC0-A4667F75C0DE}.Release|Any CPU.Build.0 = Release|Any CPU
	EndGlobalSection
	GlobalSection(SolutionProperties) = preSolution
		HideSolutionNode = FALSE
	EndGlobalSection
	GlobalSection(ExtensibilityGlobals) = postSolution
		SolutionGuid = {14D70F2C-31B0-4784-A827-3F58CCD077C6}
	EndGlobalSection
EndGlobal
