
Microsoft Visual Studio Solution File, Format Version 12.00
# Visual Studio 15
VisualStudioVersion = 15.0.27130.2010
MinimumVisualStudioVersion = 10.0.40219.1
Project("{FAE04EC0-301F-11D3-BF4B-00C04F79EFBC}") = "Task1", "Task1\Task1.csproj", "{2FEBA55D-5C65-47C1-9D15-CB39D73EB9D2}"
EndProject
Project("{FAE04EC0-301F-11D3-BF4B-00C04F79EFBC}") = "Support", "Support\Support.csproj", "{F476647D-2759-49DC-87A6-280DCDC086DA}"
EndProject
Project("{FAE04EC0-301F-11D3-BF4B-00C04F79EFBC}") = "Task2", "Task2\Task2.csproj", "{ADD78865-5034-4CD4-B8A4-477480CC6C4D}"
EndProject
Project("{FAE04EC0-301F-11D3-BF4B-00C04F79EFBC}") = "Task3", "Task3\Task3.csproj", "{268DC348-7C48-4CDC-AB58-F17E9DA47957}"
EndProject
Project("{FAE04EC0-301F-11D3-BF4B-00C04F79EFBC}") = "Task4", "Task4\Task4.csproj", "{D3E2FBC6-B3A5-4B7C-A4C7-93CEFCD9F1DA}"
EndProject
Project("{FAE04EC0-301F-11D3-BF4B-00C04F79EFBC}") = "Task5", "Task5\Task5.csproj", "{364C1097-E2CA-4C50-BFCD-307FBF0BDE26}"
EndProject
Project("{FAE04EC0-301F-11D3-BF4B-00C04F79EFBC}") = "Task6", "Task6\Task6.csproj", "{A62078AD-8749-40D8-933B-79BAB796DD9E}"
EndProject
Global
	GlobalSection(SolutionConfigurationPlatforms) = preSolution
		Debug|Any CPU = Debug|Any CPU
		Release|Any CPU = Release|Any CPU
	EndGlobalSection
	GlobalSection(ProjectConfigurationPlatforms) = postSolution
		{2FEBA55D-5C65-47C1-9D15-CB39D73EB9D2}.Debug|Any CPU.ActiveCfg = Debug|Any CPU
		{2FEBA55D-5C65-47C1-9D15-CB39D73EB9D2}.Debug|Any CPU.Build.0 = Debug|Any CPU
		{2FEBA55D-5C65-47C1-9D15-CB39D73EB9D2}.Release|Any CPU.ActiveCfg = Release|Any CPU
		{2FEBA55D-5C65-47C1-9D15-CB39D73EB9D2}.Release|Any CPU.Build.0 = Release|Any CPU
		{F476647D-2759-49DC-87A6-280DCDC086DA}.Debug|Any CPU.ActiveCfg = Debug|Any CPU
		{F476647D-2759-49DC-87A6-280DCDC086DA}.Debug|Any CPU.Build.0 = Debug|Any CPU
		{F476647D-2759-49DC-87A6-280DCDC086DA}.Release|Any CPU.ActiveCfg = Release|Any CPU
		{F476647D-2759-49DC-87A6-280DCDC086DA}.Release|Any CPU.Build.0 = Release|Any CPU
		{ADD78865-5034-4CD4-B8A4-477480CC6C4D}.Debug|Any CPU.ActiveCfg = Debug|Any CPU
		{ADD78865-5034-4CD4-B8A4-477480CC6C4D}.Debug|Any CPU.Build.0 = Debug|Any CPU
		{ADD78865-5034-4CD4-B8A4-477480CC6C4D}.Release|Any CPU.ActiveCfg = Release|Any CPU
		{ADD78865-5034-4CD4-B8A4-477480CC6C4D}.Release|Any CPU.Build.0 = Release|Any CPU
		{268DC348-7C48-4CDC-AB58-F17E9DA47957}.Debug|Any CPU.ActiveCfg = Debug|Any CPU
		{268DC348-7C48-4CDC-AB58-F17E9DA47957}.Debug|Any CPU.Build.0 = Debug|Any CPU
		{268DC348-7C48-4CDC-AB58-F17E9DA47957}.Release|Any CPU.ActiveCfg = Release|Any CPU
		{268DC348-7C48-4CDC-AB58-F17E9DA47957}.Release|Any CPU.Build.0 = Release|Any CPU
		{D3E2FBC6-B3A5-4B7C-A4C7-93CEFCD9F1DA}.Debug|Any CPU.ActiveCfg = Debug|Any CPU
		{D3E2FBC6-B3A5-4B7C-A4C7-93CEFCD9F1DA}.Debug|Any CPU.Build.0 = Debug|Any CPU
		{D3E2FBC6-B3A5-4B7C-A4C7-93CEFCD9F1DA}.Release|Any CPU.ActiveCfg = Release|Any CPU
		{D3E2FBC6-B3A5-4B7C-A4C7-93CEFCD9F1DA}.Release|Any CPU.Build.0 = Release|Any CPU
		{364C1097-E2CA-4C50-BFCD-307FBF0BDE26}.Debug|Any CPU.ActiveCfg = Debug|Any CPU
		{364C1097-E2CA-4C50-BFCD-307FBF0BDE26}.Debug|Any CPU.Build.0 = Debug|Any CPU
		{364C1097-E2CA-4C50-BFCD-307FBF0BDE26}.Release|Any CPU.ActiveCfg = Release|Any CPU
		{364C1097-E2CA-4C50-BFCD-307FBF0BDE26}.Release|Any CPU.Build.0 = Release|Any CPU
		{A62078AD-8749-40D8-933B-79BAB796DD9E}.Debug|Any CPU.ActiveCfg = Debug|Any CPU
		{A62078AD-8749-40D8-933B-79BAB796DD9E}.Debug|Any CPU.Build.0 = Debug|Any CPU
		{A62078AD-8749-40D8-933B-79BAB796DD9E}.Release|Any CPU.ActiveCfg = Release|Any CPU
		{A62078AD-8749-40D8-933B-79BAB796DD9E}.Release|Any CPU.Build.0 = Release|Any CPU
	EndGlobalSection
	GlobalSection(SolutionProperties) = preSolution
		HideSolutionNode = FALSE
	EndGlobalSection
	GlobalSection(ExtensibilityGlobals) = postSolution
		SolutionGuid = {4767761B-B374-4C60-A9A4-6EB1F3225280}
	EndGlobalSection
EndGlobal
