
Microsoft Visual Studio Solution File, Format Version 12.00
# Visual Studio 15
VisualStudioVersion = 15.0.27130.2010
MinimumVisualStudioVersion = 10.0.40219.1
Project("{FAE04EC0-301F-11D3-BF4B-00C04F79EFBC}") = "Lesson2", "Lesson2\Lesson2.csproj", "{B0E92066-5105-41D6-9033-10CAB7EF4434}"
EndProject
Global
	GlobalSection(SolutionConfigurationPlatforms) = preSolution
		Debug|Any CPU = Debug|Any CPU
		Release|Any CPU = Release|Any CPU
	EndGlobalSection
	GlobalSection(ProjectConfigurationPlatforms) = postSolution
		{B0E92066-5105-41D6-9033-10CAB7EF4434}.Debug|Any CPU.ActiveCfg = Debug|Any CPU
		{B0E92066-5105-41D6-9033-10CAB7EF4434}.Debug|Any CPU.Build.0 = Debug|Any CPU
		{B0E92066-5105-41D6-9033-10CAB7EF4434}.Release|Any CPU.ActiveCfg = Release|Any CPU
		{B0E92066-5105-41D6-9033-10CAB7EF4434}.Release|Any CPU.Build.0 = Release|Any CPU
	EndGlobalSection
	GlobalSection(SolutionProperties) = preSolution
		HideSolutionNode = FALSE
	EndGlobalSection
	GlobalSection(ExtensibilityGlobals) = postSolution
		SolutionGuid = {B900A9D9-4E88-4511-8DA7-7291FECB875C}
	EndGlobalSection
EndGlobal
