
Microsoft Visual Studio Solution File, Format Version 12.00
# Visual Studio Version 17
VisualStudioVersion = 17.3.32929.385
MinimumVisualStudioVersion = 10.0.40219.1
Project("{9A19103F-16F7-4668-BE54-9A1E7A4F7556}") = "Chapter1", "Chapter1\Chapter1.csproj", "{7FB5E92C-7350-4793-9898-0A554F36469B}"
EndProject
Project("{FAE04EC0-301F-11D3-BF4B-00C04F79EFBC}") = "Chapter2", "Chapter2\Chapter2.csproj", "{2DDC4DA8-3BE4-47B4-84EA-5B9F26BDCF57}"
EndProject
Global
	GlobalSection(SolutionConfigurationPlatforms) = preSolution
		Debug|Any CPU = Debug|Any CPU
		Release|Any CPU = Release|Any CPU
	EndGlobalSection
	GlobalSection(ProjectConfigurationPlatforms) = postSolution
		{7FB5E92C-7350-4793-9898-0A554F36469B}.Debug|Any CPU.ActiveCfg = Debug|Any CPU
		{7FB5E92C-7350-4793-9898-0A554F36469B}.Debug|Any CPU.Build.0 = Debug|Any CPU
		{7FB5E92C-7350-4793-9898-0A554F36469B}.Release|Any CPU.ActiveCfg = Release|Any CPU
		{7FB5E92C-7350-4793-9898-0A554F36469B}.Release|Any CPU.Build.0 = Release|Any CPU
		{2DDC4DA8-3BE4-47B4-84EA-5B9F26BDCF57}.Debug|Any CPU.ActiveCfg = Debug|Any CPU
		{2DDC4DA8-3BE4-47B4-84EA-5B9F26BDCF57}.Debug|Any CPU.Build.0 = Debug|Any CPU
		{2DDC4DA8-3BE4-47B4-84EA-5B9F26BDCF57}.Release|Any CPU.ActiveCfg = Release|Any CPU
		{2DDC4DA8-3BE4-47B4-84EA-5B9F26BDCF57}.Release|Any CPU.Build.0 = Release|Any CPU
	EndGlobalSection
	GlobalSection(SolutionProperties) = preSolution
		HideSolutionNode = FALSE
	EndGlobalSection
	GlobalSection(ExtensibilityGlobals) = postSolution
		SolutionGuid = {68C274B6-2C8E-4D8C-B1A5-17C998074675}
	EndGlobalSection
EndGlobal
