
Microsoft Visual Studio Solution File, Format Version 12.00
# Visual Studio Version 17
VisualStudioVersion = 17.8.34511.84
MinimumVisualStudioVersion = 10.0.40219.1
Project("{FAE04EC0-301F-11D3-BF4B-00C04F79EFBC}") = "HomeWork02", "HomeWork02\HomeWork02.csproj", "{29A59F3C-6D52-45D7-B0D7-3C8D9B0F6FFC}"
EndProject
Global
	GlobalSection(SolutionConfigurationPlatforms) = preSolution
		Debug|Any CPU = Debug|Any CPU
		Release|Any CPU = Release|Any CPU
	EndGlobalSection
	GlobalSection(ProjectConfigurationPlatforms) = postSolution
		{29A59F3C-6D52-45D7-B0D7-3C8D9B0F6FFC}.Debug|Any CPU.ActiveCfg = Debug|Any CPU
		{29A59F3C-6D52-45D7-B0D7-3C8D9B0F6FFC}.Debug|Any CPU.Build.0 = Debug|Any CPU
		{29A59F3C-6D52-45D7-B0D7-3C8D9B0F6FFC}.Release|Any CPU.ActiveCfg = Release|Any CPU
		{29A59F3C-6D52-45D7-B0D7-3C8D9B0F6FFC}.Release|Any CPU.Build.0 = Release|Any CPU
	EndGlobalSection
	GlobalSection(SolutionProperties) = preSolution
		HideSolutionNode = FALSE
	EndGlobalSection
	GlobalSection(ExtensibilityGlobals) = postSolution
		SolutionGuid = {54FC373E-21CA-4EB3-9773-F7C9D90CB4DD}
	EndGlobalSection
EndGlobal
